# This file is @generated by PDM.
# It is not intended for manual editing.

[[package]]
name = "attrs"
version = "22.2.0"
requires_python = ">=3.6"
summary = "Classes Without Boilerplate"

[[package]]
name = "colorama"
version = "0.4.6"
requires_python = "!=3.0.*,!=3.1.*,!=3.2.*,!=3.3.*,!=3.4.*,!=3.5.*,!=3.6.*,>=2.7"
summary = "Cross-platform colored terminal text."

[[package]]
name = "exceptiongroup"
version = "1.1.0"
requires_python = ">=3.7"
summary = "Backport of PEP 654 (exception groups)"

[[package]]
name = "iniconfig"
version = "2.0.0"
requires_python = ">=3.7"
summary = "brain-dead simple config-ini parsing"

[[package]]
name = "packaging"
version = "23.0"
requires_python = ">=3.7"
summary = "Core utilities for Python packages"

[[package]]
name = "pluggy"
version = "1.0.0"
requires_python = ">=3.6"
summary = "plugin and hook calling mechanisms for python"

[[package]]
name = "pyqt5"
version = "5.15.8"
requires_python = ">=3.7"
summary = "Python bindings for the Qt cross platform application toolkit"
dependencies = [
    "PyQt5-Qt5>=5.15.2",
    "PyQt5-sip<13,>=12.11",
]

[[package]]
name = "pyqt5-qt5"
version = "5.15.2"
summary = "The subset of a Qt installation needed by PyQt5."

[[package]]
name = "pyqt5-sip"
version = "12.11.1"
requires_python = ">=3.7"
summary = "The sip module support for PyQt5"

[[package]]
name = "pyside6"
version = "6.4.2"
requires_python = "<3.12,>=3.7"
summary = "Python bindings for the Qt cross-platform application and UI framework"
dependencies = [
    "PySide6-Addons==6.4.2",
    "PySide6-Essentials==6.4.2",
    "shiboken6==6.4.2",
]

[[package]]
name = "pyside6-addons"
version = "6.4.2"
requires_python = "<3.12,>=3.7"
summary = "Python bindings for the Qt cross-platform application and UI framework (Addons)"
dependencies = [
    "PySide6-Essentials==6.4.2",
    "shiboken6==6.4.2",
]

[[package]]
name = "pyside6-essentials"
version = "6.4.2"
requires_python = "<3.12,>=3.7"
summary = "Python bindings for the Qt cross-platform application and UI framework (Essentials)"
dependencies = [
    "shiboken6==6.4.2",
]

[[package]]
name = "pytest"
version = "7.2.1"
requires_python = ">=3.7"
summary = "pytest: simple powerful testing with Python"
dependencies = [
    "attrs>=19.2.0",
    "colorama; sys_platform == \"win32\"",
    "exceptiongroup>=1.0.0rc8; python_version < \"3.11\"",
    "iniconfig",
    "packaging",
    "pluggy<2.0,>=0.12",
    "tomli>=1.0.0; python_version < \"3.11\"",
]

[[package]]
name = "shiboken6"
version = "6.4.2"
requires_python = "<3.12,>=3.7"
summary = "Python/C++ bindings helper module"

[[package]]
name = "tomli"
version = "2.0.1"
requires_python = ">=3.7"
summary = "A lil' TOML parser"

[metadata]
lock_version = "4.1"
content_hash = "sha256:18a3c8597d80252ed4f317084e7d6ecedbe7d369fac1897d726f05044841118f"

[metadata.files]
"attrs 22.2.0" = [
    {url = "https://files.pythonhosted.org/packages/21/31/3f468da74c7de4fcf9b25591e682856389b3400b4b62f201e65f15ea3e07/attrs-22.2.0.tar.gz", hash = "sha256:c9227bfc2f01993c03f68db37d1d15c9690188323c067c641f1a35ca58185f99"},
    {url = "https://files.pythonhosted.org/packages/fb/6e/6f83bf616d2becdf333a1640f1d463fef3150e2e926b7010cb0f81c95e88/attrs-22.2.0-py3-none-any.whl", hash = "sha256:29e95c7f6778868dbd49170f98f8818f78f3dc5e0e37c0b1f474e3561b240836"},
]
"colorama 0.4.6" = [
    {url = "https://files.pythonhosted.org/packages/d1/d6/3965ed04c63042e047cb6a3e6ed1a63a35087b6a609aa3a15ed8ac56c221/colorama-0.4.6-py2.py3-none-any.whl", hash = "sha256:4f1d9991f5acc0ca119f9d443620b77f9d6b33703e51011c16baf57afb285fc6"},
    {url = "https://files.pythonhosted.org/packages/d8/53/6f443c9a4a8358a93a6792e2acffb9d9d5cb0a5cfd8802644b7b1c9a02e4/colorama-0.4.6.tar.gz", hash = "sha256:08695f5cb7ed6e0531a20572697297273c47b8cae5a63ffc6d6ed5c201be6e44"},
]
"exceptiongroup 1.1.0" = [
    {url = "https://files.pythonhosted.org/packages/15/ab/dd27fb742b19a9d020338deb9ab9a28796524081bca880ac33c172c9a8f6/exceptiongroup-1.1.0.tar.gz", hash = "sha256:bcb67d800a4497e1b404c2dd44fca47d3b7a5e5433dbab67f96c1a685cdfdf23"},
    {url = "https://files.pythonhosted.org/packages/e8/14/9c6a7e5f12294ccd6975a45e02899ed25468cd7c2c86f3d9725f387f9f5f/exceptiongroup-1.1.0-py3-none-any.whl", hash = "sha256:327cbda3da756e2de031a3107b81ab7b3770a602c4d16ca618298c526f4bec1e"},
]
"iniconfig 2.0.0" = [
    {url = "https://files.pythonhosted.org/packages/d7/4b/cbd8e699e64a6f16ca3a8220661b5f83792b3017d0f79807cb8708d33913/iniconfig-2.0.0.tar.gz", hash = "sha256:2d91e135bf72d31a410b17c16da610a82cb55f6b0477d1a902134b24a455b8b3"},
    {url = "https://files.pythonhosted.org/packages/ef/a6/62565a6e1cf69e10f5727360368e451d4b7f58beeac6173dc9db836a5b46/iniconfig-2.0.0-py3-none-any.whl", hash = "sha256:b6a85871a79d2e3b22d2d1b94ac2824226a63c6b741c88f7ae975f18b6778374"},
]
"packaging 23.0" = [
    {url = "https://files.pythonhosted.org/packages/47/d5/aca8ff6f49aa5565df1c826e7bf5e85a6df852ee063600c1efa5b932968c/packaging-23.0.tar.gz", hash = "sha256:b6ad297f8907de0fa2fe1ccbd26fdaf387f5f47c7275fedf8cce89f99446cf97"},
    {url = "https://files.pythonhosted.org/packages/ed/35/a31aed2993e398f6b09a790a181a7927eb14610ee8bbf02dc14d31677f1c/packaging-23.0-py3-none-any.whl", hash = "sha256:714ac14496c3e68c99c29b00845f7a2b85f3bb6f1078fd9f72fd20f0570002b2"},
]
"pluggy 1.0.0" = [
    {url = "https://files.pythonhosted.org/packages/9e/01/f38e2ff29715251cf25532b9082a1589ab7e4f571ced434f98d0139336dc/pluggy-1.0.0-py2.py3-none-any.whl", hash = "sha256:74134bbf457f031a36d68416e1509f34bd5ccc019f0bcc952c7b909d06b37bd3"},
    {url = "https://files.pythonhosted.org/packages/a1/16/db2d7de3474b6e37cbb9c008965ee63835bba517e22cdb8c35b5116b5ce1/pluggy-1.0.0.tar.gz", hash = "sha256:4224373bacce55f955a878bf9cfa763c1e360858e330072059e10bad68531159"},
]
"pyqt5 5.15.8" = [
    {url = "https://files.pythonhosted.org/packages/30/7d/6c34272198b7f2950ec62a2b8a43f946ca5970db782597c1a447facbdfc6/PyQt5-5.15.8-cp37-abi3-manylinux_2_17_x86_64.whl", hash = "sha256:85f72addcf430b958e156fe90b975aec5c2dfe0a53f5b13c69e072de989000f7"},
    {url = "https://files.pythonhosted.org/packages/55/29/5fe123c67f6e7b8b6642a88327f041248529b59e3564ecf847060e2ec34c/PyQt5-5.15.8-cp37-abi3-win32.whl", hash = "sha256:7daa668d2c36b62da8fb3b68670b70455dba659fe5006400222280d6153dc035"},
    {url = "https://files.pythonhosted.org/packages/55/98/737d31d80331dc2b73a067947c07cab0d7652922661bff389b5d6cb6c519/PyQt5-5.15.8-cp37-abi3-macosx_10_13_x86_64.whl", hash = "sha256:c6ee352bef5ef6392039db2d09a376908ca6ed34d1892bfe8be08e28e1992a89"},
    {url = "https://files.pythonhosted.org/packages/c1/c3/76c52be757e2e07e2f76dfda0e89546a14c1b97004cc7e126851764370b3/PyQt5-5.15.8.tar.gz", hash = "sha256:bc85e3efb9135c56c8b88157c8825005fb7cd0f14babd93976778aae82eda360"},
    {url = "https://files.pythonhosted.org/packages/e8/1c/d4124e61d522af99ba2f67eb0cd40b1309d8d921200d5af345d4f2e3a8da/PyQt5-5.15.8-cp37-abi3-win_amd64.whl", hash = "sha256:e812ff1f9b994f592392f764246372d29dd3e8d800087064cab47109d9aad1f7"},
]
"pyqt5-qt5 5.15.2" = [
    {url = "https://files.pythonhosted.org/packages/1c/7e/ce7c66a541a105fa98b41d6405fe84940564695e29fc7dccf6d9e8c5f898/PyQt5_Qt5-5.15.2-py3-none-win32.whl", hash = "sha256:9cc7a768b1921f4b982ebc00a318ccb38578e44e45316c7a4a850e953e1dd327"},
    {url = "https://files.pythonhosted.org/packages/37/97/5d3b222b924fa2ed4c2488925155cd0b03fd5d09ee1cfcf7c553c11c9f66/PyQt5_Qt5-5.15.2-py3-none-win_amd64.whl", hash = "sha256:750b78e4dba6bdf1607febedc08738e318ea09e9b10aea9ff0d73073f11f6962"},
    {url = "https://files.pythonhosted.org/packages/62/09/99a222b0360616250fb2e6003a54e43a2a06b0774f0f8d5daafb86a2c375/PyQt5_Qt5-5.15.2-py3-none-macosx_10_13_intel.whl", hash = "sha256:76980cd3d7ae87e3c7a33bfebfaee84448fd650bad6840471d6cae199b56e154"},
    {url = "https://files.pythonhosted.org/packages/83/d4/241a6a518d0bcf0a9fcdcbad5edfed18d43e884317eab8d5230a2b27e206/PyQt5_Qt5-5.15.2-py3-none-manylinux2014_x86_64.whl", hash = "sha256:1988f364ec8caf87a6ee5d5a3a5210d57539988bf8e84714c7d60972692e2f4a"},
]
"pyqt5-sip 12.11.1" = [
    {url = "https://files.pythonhosted.org/packages/12/b0/861445409edac9b9f6ec47fc8661faa4cc975682e432876394e0bf9aeb7e/PyQt5_sip-12.11.1-cp39-cp39-manylinux_2_5_x86_64.manylinux1_x86_64.whl", hash = "sha256:b077fb4383536f51382f5516f0347328a4f338c6ccc4c268cc358643bef1b838"},
    {url = "https://files.pythonhosted.org/packages/24/47/2e5bbb8bf3d651baa9f1cea52c07902bad2262f9967ab6e077794a595180/PyQt5_sip-12.11.1-cp38-cp38-win32.whl", hash = "sha256:3358c584832f0ac9fd1ad3623d8a346c705f43414df1fcd0cb285a6ef51fec08"},
    {url = "https://files.pythonhosted.org/packages/2a/b0/5d5abf0b72866ff1b820ddeee97b169f365cba69e488462294fb563e35a9/PyQt5_sip-12.11.1-cp310-cp310-manylinux_2_5_x86_64.manylinux1_x86_64.whl", hash = "sha256:19b06164793177146c7f7604fe8389f44221a7bde196f2182457eb3e4229fa88"},
    {url = "https://files.pythonhosted.org/packages/2c/89/76397c76969a0084fef70f72dbb12e8ccbc084b052626876baec6648d8cd/PyQt5_sip-12.11.1-cp37-cp37m-win32.whl", hash = "sha256:b714f550ea6ddae94fd7acae531971e535f4a4e7277b62eb44e7c649cf3f03d0"},
    {url = "https://files.pythonhosted.org/packages/2e/b4/3279ea444a8c196c564e5608b17915e0e534d5ddca1cc5d5139e5fa6e372/PyQt5_sip-12.11.1-cp37-cp37m-manylinux_2_5_x86_64.manylinux1_x86_64.whl", hash = "sha256:dd163d9cffc4a56ebb9dd6908c0f0cb0caff8080294d41f4fb60fc3be63ca434"},
    {url = "https://files.pythonhosted.org/packages/30/78/09bafc5b84fcc8f8a71b1909d564737be52fb9b1a62b3571863ac4946e92/PyQt5_sip-12.11.1-cp38-cp38-win_amd64.whl", hash = "sha256:f9691c6f4d899ca762dd54442a1be158c3e52017f583183da6ef37d5bae86595"},
    {url = "https://files.pythonhosted.org/packages/50/da/9a62941675078e88f5f7717f7cdee48948d9181742a5d1545fb7fb5728a4/PyQt5_sip-12.11.1-cp37-cp37m-win_amd64.whl", hash = "sha256:d09b2586235deab7a5f2e28e4bde9a70c0b3730fa84f2590804a9932414136a3"},
    {url = "https://files.pythonhosted.org/packages/5f/c1/0861c98f047f00b3c1383e1c66acca8bd33770bb741acc2aea425f94324c/PyQt5_sip-12.11.1-cp310-cp310-macosx_10_9_universal2.whl", hash = "sha256:a40a39a6136a90e10c31510295c2be924564fc6260691501cdde669bdc5edea5"},
    {url = "https://files.pythonhosted.org/packages/71/ed/9c7f26c63be23d6567533c2f04986c1e0f7c15477fe1460a8b891596f9b4/PyQt5_sip-12.11.1-cp37-cp37m-macosx_10_9_x86_64.whl", hash = "sha256:b355d56483edc79dcba30be947a6b700856bb74beb90539e14cc4d92b9bad152"},
    {url = "https://files.pythonhosted.org/packages/75/92/b231c018fa209e1d7c828e82c6d2a70357aab9af9b3a6cb4830df5ee775d/PyQt5_sip-12.11.1-cp311-cp311-macosx_10_9_universal2.whl", hash = "sha256:7218f6a1cefeb0b2fc26b89f15011f841aa4cd77786ccd863bf9792347fa38a8"},
    {url = "https://files.pythonhosted.org/packages/82/dd/5cf96fcc789167651aa5057361abd8f734e3c7ebbca0686225c19d524ec3/PyQt5_sip-12.11.1-cp38-cp38-macosx_10_9_x86_64.whl", hash = "sha256:9a6f9c058564d0ac573561036299f54c452ae78b7d2a65d7c2d01685e6dca50d"},
    {url = "https://files.pythonhosted.org/packages/8c/c2/d44c193daa57d66bacfc6e27c72461658abc09a4ac00632b26d8a5ba290c/PyQt5_sip-12.11.1-cp310-cp310-win_amd64.whl", hash = "sha256:54dad6c2e5dab14e46f6822a889bbb1515bbd2061762273af10d26566d649bd9"},
    {url = "https://files.pythonhosted.org/packages/8d/84/3219f64d79a640f67511fb7193ff170ade5fe285bbf4b33634ac7aa51b01/PyQt5_sip-12.11.1-cp311-cp311-manylinux_2_5_x86_64.manylinux1_x86_64.whl", hash = "sha256:6b1113538082a7dd63b908587f61ce28ba4c7b8341e801fdf305d53a50a878ab"},
    {url = "https://files.pythonhosted.org/packages/a0/7a/12be88a80579d86502cd1278546bcf042dfd5602f9015c95f2376968b16c/PyQt5_sip-12.11.1-cp38-cp38-manylinux_2_5_x86_64.manylinux1_x86_64.whl", hash = "sha256:fc920c0e0d5050474d2d6282b478e4957548bf1dce58e1b0678914514dc70064"},
    {url = "https://files.pythonhosted.org/packages/a7/18/2bde6ed61aff0c447f960415617e87696435fa5561591a512c2602e7ca8a/PyQt5_sip-12.11.1-cp310-cp310-win32.whl", hash = "sha256:3afb1d1c07adcfef5c8bb12356a2ec2ec094f324af4417735d43b1ecaf1bb1a4"},
    {url = "https://files.pythonhosted.org/packages/d0/a4/60993b82efeefa76683188f1a5c236e7e7d767480b68a125af9757b46028/PyQt5_sip-12.11.1-cp39-cp39-win_amd64.whl", hash = "sha256:bd935cc46dfdbb89c21042c1db2e46a71f25693af57272f146d6d9418e2934f1"},
    {url = "https://files.pythonhosted.org/packages/d2/f4/4c3e5fc1584f5a2964cfc89bf420cfcc59aba0b1f2d08446e2b491a21ed5/PyQt5_sip-12.11.1.tar.gz", hash = "sha256:97d3fbda0f61edb1be6529ec2d5c7202ae83aee4353e4b264a159f8c9ada4369"},
    {url = "https://files.pythonhosted.org/packages/de/ba/5324b58445a8a8edfa33837a1bfc450b5369293238153f5ca918d99dba44/PyQt5_sip-12.11.1-cp311-cp311-win32.whl", hash = "sha256:ac5f7ed06213d3bb203e33037f7c1a0716584c21f4f0922dcc044750e3659b80"},
    {url = "https://files.pythonhosted.org/packages/f4/87/22720971ced2287173069b12c9d44daf4c7646d5ec072a3fec4276a6d2bb/PyQt5_sip-12.11.1-cp39-cp39-win32.whl", hash = "sha256:5c152878443c3e951d5db7df53509d444708dc06a121c267b548146be06b87f8"},
    {url = "https://files.pythonhosted.org/packages/f5/35/5f1238b79840bea3f64543d63d8cb331b39fc1d9b8e7d1b54700b4079e9a/PyQt5_sip-12.11.1-cp311-cp311-win_amd64.whl", hash = "sha256:4f0497e2f5eeaea9f5a67b0e55c501168efa86df4e53aace2a46498b87bc55c1"},
    {url = "https://files.pythonhosted.org/packages/fc/98/04d535b498088ca43153cfdbc29b6665c10dc0a91816ba768f59517c15fb/PyQt5_sip-12.11.1-cp39-cp39-macosx_10_9_universal2.whl", hash = "sha256:0bc81cb9e171d29302d393775f95cfa01b7a15f61b199ab1812976e5c4cb2cb9"},
]
"pyside6 6.4.2" = [
    {url = "https://files.pythonhosted.org/packages/02/65/8a3f6917447009d0baaf8c88fcb58e02f51fe651113f51f6ad4070c06c0c/PySide6-6.4.2-cp37-abi3-macosx_10_9_universal2.whl", hash = "sha256:e5f8f413743cc28b18e10b3d35a50f1410ed2874a376cd136ffa6030e5ed78fa"},
    {url = "https://files.pythonhosted.org/packages/28/8f/65bf2ae8b46bfb24bd83afd2251a114261dd63c9bfefb963ec5c7042d39e/PySide6-6.4.2-pp39-pypy39_pp73-macosx_10_9_universal2.whl", hash = "sha256:40830c2a5d1a19cedb33638f85b505831e172fa2630b95f11e993614187e8562"},
    {url = "https://files.pythonhosted.org/packages/45/cb/caee6a1df4985fadb6ef1a369c6c5f53b7bd29eaf1a5e71de4e0c4383425/PySide6-6.4.2-pp39-pypy39_pp73-win_amd64.whl", hash = "sha256:0985a75aa5ff42f93e5e0a0034d2c00f4dfc9a5cda3d63a8f9c5da3096dc7e04"},
    {url = "https://files.pythonhosted.org/packages/84/2d/76fa89c82051bb4a390601979873f71753d793f338a739e8319db5abeb1a/PySide6-6.4.2-pp39-pypy39_pp73-manylinux_2_28_x86_64.whl", hash = "sha256:74b49be890662511eb8f279cf4862f7452c1ec7dbb61839f6a9baa0efdefce66"},
    {url = "https://files.pythonhosted.org/packages/af/bc/45c2a5ed1e579dc919fa5b481f9df55108281243ec713fb79e20685deaf4/PySide6-6.4.2-cp37-abi3-manylinux_2_28_x86_64.whl", hash = "sha256:b9f132133e0681c5d1d47d533108cc9d35f96486251a9f23bdac6f3b6aa53a1c"},
    {url = "https://files.pythonhosted.org/packages/fc/84/e21b66807678e984d923f9f75c1fbae3375c3bce0a0e2c2a8ccc978f2c66/PySide6-6.4.2-cp37-abi3-win_amd64.whl", hash = "sha256:59dafe1f608d5363afa17d318377ac78d686907d6a1292754887b9229632f36e"},
]
"pyside6-addons 6.4.2" = [
    {url = "https://files.pythonhosted.org/packages/05/5f/b5edac9f262d9cadafdeb9385089c7f81e5bc163a97fc3fa9ba49abac1ae/PySide6_Addons-6.4.2-cp37-abi3-manylinux_2_28_x86_64.whl", hash = "sha256:5c06fa0e1bc6269b9e80e004f928eadc4c7f07bca51e41b375f79f3dc17c94ea"},
    {url = "https://files.pythonhosted.org/packages/61/32/0bd1e932c9fa36694dfe945a7543973516daa8486258536eff2011b0909a/PySide6_Addons-6.4.2-cp37-abi3-macosx_10_9_universal2.whl", hash = "sha256:e94d3d6385723c6c3c78b321498e6ab7331f67c77d6233d314c98b89cc629449"},
    {url = "https://files.pythonhosted.org/packages/7f/b9/d1aee94434cae9ab7a33e2f1b8d746a0afab9817e8b4f33a99d07a190f83/PySide6_Addons-6.4.2-pp39-pypy39_pp73-win_amd64.whl", hash = "sha256:9fddedee6d5d3c0c98677f421530402a4107f4b4ad773c596d5dd21366f88abf"},
    {url = "https://files.pythonhosted.org/packages/95/78/05e2376620874d1a0fe2bb192965e4e059edaa66925ec9d987c58524ffa8/PySide6_Addons-6.4.2-cp37-abi3-win_amd64.whl", hash = "sha256:03245466c3844681cdd7d350c1c94444cafff4c86394b44b6bff32643a9668c6"},
    {url = "https://files.pythonhosted.org/packages/d0/65/67fb3687bb5c7a6b8bcdc69d846f46061038254f00293f2955047d3c311c/PySide6_Addons-6.4.2-pp39-pypy39_pp73-manylinux_2_28_x86_64.whl", hash = "sha256:f5160f28cec8068f717150d7e9a054c6ae0034c75e404b9ae198f620e8bcc7c3"},
    {url = "https://files.pythonhosted.org/packages/ef/7f/c296d8ebaeb90b260e271f62b1d63b9f931b7db8ee3db118f1d548f99261/PySide6_Addons-6.4.2-pp39-pypy39_pp73-macosx_10_9_universal2.whl", hash = "sha256:101bfe096a426eab15cc02f4d5755ace564ce53693cb44b3fc66223709d999b5"},
]
"pyside6-essentials 6.4.2" = [
    {url = "https://files.pythonhosted.org/packages/0f/57/e305e0c3831c00a0022e3e3c95e343ded154a1eeed3b770c3bd597f56a2e/PySide6_Essentials-6.4.2-pp39-pypy39_pp73-macosx_10_9_universal2.whl", hash = "sha256:459202678a5217d1b1ad44ca6da2033e73082d702eafd842c1bf6952e243eb65"},
    {url = "https://files.pythonhosted.org/packages/35/a9/9b69d1934c8395a0a2d5a040c8df901d39739800e19dd17670d0d97590d2/PySide6_Essentials-6.4.2-cp37-abi3-win_amd64.whl", hash = "sha256:8061b68d7eb4ace0ad4443c66747ebac92f686ba704ac343f58e9e9eed8f1c0f"},
    {url = "https://files.pythonhosted.org/packages/52/82/49a5e88fc85d7e0c5025a78955b8f7bf8be8890d8ff0722a33b8f080b9f3/PySide6_Essentials-6.4.2-pp39-pypy39_pp73-manylinux_2_28_x86_64.whl", hash = "sha256:7d01e1fd4136cbc3f5516d1c7187a694dd5b6d09a4be3de6e184d0845070ba85"},
    {url = "https://files.pythonhosted.org/packages/57/d2/f45aec8d109a1f8f754e6dd41035ae54a239ff84f0ab6c90f84f929eb01d/PySide6_Essentials-6.4.2-cp37-abi3-macosx_10_9_universal2.whl", hash = "sha256:8f208567e27c9caede517f07ec53cb6b3f9472d72866080393f3150393683c46"},
    {url = "https://files.pythonhosted.org/packages/8f/4b/bf1b714f6e9d8527b0e0759342d85bbb266cea0f57e903b91145532e9669/PySide6_Essentials-6.4.2-pp39-pypy39_pp73-win_amd64.whl", hash = "sha256:0b00979a37a2cf0b848d5ac1eb595e4480687f0ddd34d82cbc738dfe7e8976bc"},
    {url = "https://files.pythonhosted.org/packages/e5/96/f43cdcb397f8a8cff6991ef8109385cc5ad9b0ad78c6dc2988b3b776fe49/PySide6_Essentials-6.4.2-cp37-abi3-manylinux_2_28_x86_64.whl", hash = "sha256:8c3d37cca6e27f6da12b50b20e741d593ccc857bdcdb82d97f8f7c8bfe53639a"},
]
"pytest 7.2.1" = [
    {url = "https://files.pythonhosted.org/packages/cc/02/8f59bf194c9a1ceac6330850715e9ec11e21e2408a30a596c65d54cf4d2a/pytest-7.2.1-py3-none-any.whl", hash = "sha256:c7c6ca206e93355074ae32f7403e8ea12163b1163c976fee7d4d84027c162be5"},
    {url = "https://files.pythonhosted.org/packages/e5/6c/f3a15217ac72912c28c5d7a7a8e87ff6d6475c9530595ae9f0f8dedd8dd8/pytest-7.2.1.tar.gz", hash = "sha256:d45e0952f3727241918b8fd0f376f5ff6b301cc0777c6f9a556935c92d8a7d42"},
]
"shiboken6 6.4.2" = [
    {url = "https://files.pythonhosted.org/packages/10/c8/de831d761fb9635cf9cd872ae2292188b1c48ee374c2678f7faa292786f9/shiboken6-6.4.2-cp37-abi3-macosx_10_9_universal2.whl", hash = "sha256:6131d32cce4114924dabea313fc345745f95ce567631349f2fad170ebff4bfee"},
    {url = "https://files.pythonhosted.org/packages/24/f6/f1fe9220a616789a1c6b1b73670d8b1dec882ac730a8b534f963b3f26182/shiboken6-6.4.2-cp37-abi3-manylinux_2_28_x86_64.whl", hash = "sha256:0616c1a12d1e51e680595b3940b986275c1df952a751416a0730a59e5b90105f"},
    {url = "https://files.pythonhosted.org/packages/7d/43/57727ea6304922f1ca906cfe41d06e85cea535ed9efb319c348e830a6c7d/shiboken6-6.4.2-cp37-abi3-win_amd64.whl", hash = "sha256:2278f8d6ab6f3377e82f72b6305e06bd53e9e479729de489e7a5205296bdb74e"},
    {url = "https://files.pythonhosted.org/packages/89/f8/2e93c362d32eef2b5d530e6dd9c1683c6b104919001fba54531fabeed671/shiboken6-6.4.2-pp39-pypy39_pp73-win_amd64.whl", hash = "sha256:d66bfdd80bbb3c8f9165afad4bb8786434a75456a36f8ee90b583c31ef311a50"},
    {url = "https://files.pythonhosted.org/packages/91/3c/12cd2496009008859046c909413e0e556c4c2943e9324d266a0af0a35471/shiboken6-6.4.2-pp39-pypy39_pp73-macosx_10_9_universal2.whl", hash = "sha256:0c706fd0e6eeb49d807aaef08f078526eb35bee1d84209cf66cb1ff70508b93a"},
    {url = "https://files.pythonhosted.org/packages/b8/9f/8bd05f2c9a57ea0b49364a33c9671566b3e6a99d30141e73f4026ae6a0f5/shiboken6-6.4.2-pp39-pypy39_pp73-manylinux_2_28_x86_64.whl", hash = "sha256:58511b2d0f77f3153b0371e0da2730db38195cb72e5d450e32a52db25c6af06d"},
]
"tomli 2.0.1" = [
    {url = "https://files.pythonhosted.org/packages/97/75/10a9ebee3fd790d20926a90a2547f0bf78f371b2f13aa822c759680ca7b9/tomli-2.0.1-py3-none-any.whl", hash = "sha256:939de3e7a6161af0c887ef91b7d41a53e7c5a1ca976325f429cb46ea9bc30ecc"},
    {url = "https://files.pythonhosted.org/packages/c0/3f/d7af728f075fb08564c5949a9c95e44352e23dee646869fa104a3b2060a3/tomli-2.0.1.tar.gz", hash = "sha256:de526c12914f0c550d15924c62d72abc48d6fe7364aa87328337a31007fe8a4f"},
]
